
Microsoft Visual Studio Solution File, Format Version 12.00
# Visual Studio 15
VisualStudioVersion = 15.0.28307.960
MinimumVisualStudioVersion = 10.0.40219.1
Project("{FAE04EC0-301F-11D3-BF4B-00C04F79EFBC}") = "Task1FibonacciSequence", "Task1FibonacciSequence\Task1FibonacciSequence.csproj", "{B7AE8822-C31A-4C81-9A3E-061673CD5598}"
EndProject
Global
	GlobalSection(SolutionConfigurationPlatforms) = preSolution
		Debug|Any CPU = Debug|Any CPU
		Release|Any CPU = Release|Any CPU
	EndGlobalSection
	GlobalSection(ProjectConfigurationPlatforms) = postSolution
		{B7AE8822-C31A-4C81-9A3E-061673CD5598}.Debug|Any CPU.ActiveCfg = Debug|Any CPU
		{B7AE8822-C31A-4C81-9A3E-061673CD5598}.Debug|Any CPU.Build.0 = Debug|Any CPU
		{B7AE8822-C31A-4C81-9A3E-061673CD5598}.Release|Any CPU.ActiveCfg = Release|Any CPU
		{B7AE8822-C31A-4C81-9A3E-061673CD5598}.Release|Any CPU.Build.0 = Release|Any CPU
	EndGlobalSection
	GlobalSection(SolutionProperties) = preSolution
		HideSolutionNode = FALSE
	EndGlobalSection
	GlobalSection(ExtensibilityGlobals) = postSolution
		SolutionGuid = {7324D5E4-26D8-48DF-A3CE-F85DB9039F99}
	EndGlobalSection
EndGlobal
