
Microsoft Visual Studio Solution File, Format Version 12.00
# Visual Studio 15
VisualStudioVersion = 15.0.28307.960
MinimumVisualStudioVersion = 10.0.40219.1
Project("{FAE04EC0-301F-11D3-BF4B-00C04F79EFBC}") = "Task1Calculator", "Task1Calculator\Task1Calculator.csproj", "{86E549A6-DE8E-4F96-A5AC-F7FA26AA041B}"
EndProject
Global
	GlobalSection(SolutionConfigurationPlatforms) = preSolution
		Debug|Any CPU = Debug|Any CPU
		Release|Any CPU = Release|Any CPU
	EndGlobalSection
	GlobalSection(ProjectConfigurationPlatforms) = postSolution
		{86E549A6-DE8E-4F96-A5AC-F7FA26AA041B}.Debug|Any CPU.ActiveCfg = Debug|Any CPU
		{86E549A6-DE8E-4F96-A5AC-F7FA26AA041B}.Debug|Any CPU.Build.0 = Debug|Any CPU
		{86E549A6-DE8E-4F96-A5AC-F7FA26AA041B}.Release|Any CPU.ActiveCfg = Release|Any CPU
		{86E549A6-DE8E-4F96-A5AC-F7FA26AA041B}.Release|Any CPU.Build.0 = Release|Any CPU
	EndGlobalSection
	GlobalSection(SolutionProperties) = preSolution
		HideSolutionNode = FALSE
	EndGlobalSection
	GlobalSection(ExtensibilityGlobals) = postSolution
		SolutionGuid = {3A90F52C-4B7E-43A3-BB20-05748A7D4981}
	EndGlobalSection
EndGlobal
